
Microsoft Visual Studio Solution File, Format Version 12.00
# Visual Studio 15
VisualStudioVersion = 15.0.28307.271
MinimumVisualStudioVersion = 10.0.40219.1
Project("{9A19103F-16F7-4668-BE54-9A1E7A4F7556}") = "ConsoleApp1", "ConsoleApp1\ConsoleApp1.csproj", "{F69E7B39-A930-40C6-BC50-AB4D0E3088F7}"
EndProject
Global
	GlobalSection(SolutionConfigurationPlatforms) = preSolution
		Debug|Any CPU = Debug|Any CPU
		Release|Any CPU = Release|Any CPU
	EndGlobalSection
	GlobalSection(ProjectConfigurationPlatforms) = postSolution
		{F69E7B39-A930-40C6-BC50-AB4D0E3088F7}.Debug|Any CPU.ActiveCfg = Debug|Any CPU
		{F69E7B39-A930-40C6-BC50-AB4D0E3088F7}.Debug|Any CPU.Build.0 = Debug|Any CPU
		{F69E7B39-A930-40C6-BC50-AB4D0E3088F7}.Release|Any CPU.ActiveCfg = Release|Any CPU
		{F69E7B39-A930-40C6-BC50-AB4D0E3088F7}.Release|Any CPU.Build.0 = Release|Any CPU
	EndGlobalSection
	GlobalSection(SolutionProperties) = preSolution
		HideSolutionNode = FALSE
	EndGlobalSection
	GlobalSection(ExtensibilityGlobals) = postSolution
		SolutionGuid = {11FAA800-09BA-47E2-ACF5-9542BD6DE679}
	EndGlobalSection
EndGlobal
